
Microsoft Visual Studio Solution File, Format Version 12.00
# Visual Studio Version 17
VisualStudioVersion = 17.5.2.0
MinimumVisualStudioVersion = 10.0.40219.1
Project("{FAE04EC0-301F-11D3-BF4B-00C04F79EFBC}") = "AmpUp", "AmpUp.csproj", "{90534A82-B788-B1FC-94BF-3C585335DA5B}"
EndProject
Project("{FAE04EC0-301F-11D3-BF4B-00C04F79EFBC}") = "AmpUp.Core", "AmpUp.Core\AmpUp.Core.csproj", "{7FA28C98-F0EA-408C-B1D6-55B57ACD70AA}"
EndProject
Project("{FAE04EC0-301F-11D3-BF4B-00C04F79EFBC}") = "AmpUp.Mac", "AmpUp.Mac\AmpUp.Mac.csproj", "{B3A1D2F4-5E6C-4A8B-9D0E-1F2C3A4B5D6E}"
EndProject
Global
	GlobalSection(SolutionConfigurationPlatforms) = preSolution
		Debug|Any CPU = Debug|Any CPU
		Debug|x64 = Debug|x64
		Debug|x86 = Debug|x86
		Release|Any CPU = Release|Any CPU
		Release|x64 = Release|x64
		Release|x86 = Release|x86
	EndGlobalSection
	GlobalSection(ProjectConfigurationPlatforms) = postSolution
		{90534A82-B788-B1FC-94BF-3C585335DA5B}.Debug|Any CPU.ActiveCfg = Debug|Any CPU
		{90534A82-B788-B1FC-94BF-3C585335DA5B}.Debug|Any CPU.Build.0 = Debug|Any CPU
		{90534A82-B788-B1FC-94BF-3C585335DA5B}.Debug|x64.ActiveCfg = Debug|Any CPU
		{90534A82-B788-B1FC-94BF-3C585335DA5B}.Debug|x64.Build.0 = Debug|Any CPU
		{90534A82-B788-B1FC-94BF-3C585335DA5B}.Debug|x86.ActiveCfg = Debug|Any CPU
		{90534A82-B788-B1FC-94BF-3C585335DA5B}.Debug|x86.Build.0 = Debug|Any CPU
		{90534A82-B788-B1FC-94BF-3C585335DA5B}.Release|Any CPU.ActiveCfg = Release|Any CPU
		{90534A82-B788-B1FC-94BF-3C585335DA5B}.Release|Any CPU.Build.0 = Release|Any CPU
		{90534A82-B788-B1FC-94BF-3C585335DA5B}.Release|x64.ActiveCfg = Release|Any CPU
		{90534A82-B788-B1FC-94BF-3C585335DA5B}.Release|x64.Build.0 = Release|Any CPU
		{90534A82-B788-B1FC-94BF-3C585335DA5B}.Release|x86.ActiveCfg = Release|Any CPU
		{90534A82-B788-B1FC-94BF-3C585335DA5B}.Release|x86.Build.0 = Release|Any CPU
		{7FA28C98-F0EA-408C-B1D6-55B57ACD70AA}.Debug|Any CPU.ActiveCfg = Debug|Any CPU
		{7FA28C98-F0EA-408C-B1D6-55B57ACD70AA}.Debug|Any CPU.Build.0 = Debug|Any CPU
		{7FA28C98-F0EA-408C-B1D6-55B57ACD70AA}.Debug|x64.ActiveCfg = Debug|Any CPU
		{7FA28C98-F0EA-408C-B1D6-55B57ACD70AA}.Debug|x64.Build.0 = Debug|Any CPU
		{7FA28C98-F0EA-408C-B1D6-55B57ACD70AA}.Debug|x86.ActiveCfg = Debug|Any CPU
		{7FA28C98-F0EA-408C-B1D6-55B57ACD70AA}.Debug|x86.Build.0 = Debug|Any CPU
		{7FA28C98-F0EA-408C-B1D6-55B57ACD70AA}.Release|Any CPU.ActiveCfg = Release|Any CPU
		{7FA28C98-F0EA-408C-B1D6-55B57ACD70AA}.Release|Any CPU.Build.0 = Release|Any CPU
		{7FA28C98-F0EA-408C-B1D6-55B57ACD70AA}.Release|x64.ActiveCfg = Release|Any CPU
		{7FA28C98-F0EA-408C-B1D6-55B57ACD70AA}.Release|x64.Build.0 = Release|Any CPU
		{7FA28C98-F0EA-408C-B1D6-55B57ACD70AA}.Release|x86.ActiveCfg = Release|Any CPU
		{7FA28C98-F0EA-408C-B1D6-55B57ACD70AA}.Release|x86.Build.0 = Release|Any CPU
		{B3A1D2F4-5E6C-4A8B-9D0E-1F2C3A4B5D6E}.Debug|Any CPU.ActiveCfg = Debug|Any CPU
		{B3A1D2F4-5E6C-4A8B-9D0E-1F2C3A4B5D6E}.Debug|Any CPU.Build.0 = Debug|Any CPU
		{B3A1D2F4-5E6C-4A8B-9D0E-1F2C3A4B5D6E}.Debug|x64.ActiveCfg = Debug|Any CPU
		{B3A1D2F4-5E6C-4A8B-9D0E-1F2C3A4B5D6E}.Debug|x64.Build.0 = Debug|Any CPU
		{B3A1D2F4-5E6C-4A8B-9D0E-1F2C3A4B5D6E}.Debug|x86.ActiveCfg = Debug|Any CPU
		{B3A1D2F4-5E6C-4A8B-9D0E-1F2C3A4B5D6E}.Debug|x86.Build.0 = Debug|Any CPU
		{B3A1D2F4-5E6C-4A8B-9D0E-1F2C3A4B5D6E}.Release|Any CPU.ActiveCfg = Release|Any CPU
		{B3A1D2F4-5E6C-4A8B-9D0E-1F2C3A4B5D6E}.Release|Any CPU.Build.0 = Release|Any CPU
		{B3A1D2F4-5E6C-4A8B-9D0E-1F2C3A4B5D6E}.Release|x64.ActiveCfg = Release|Any CPU
		{B3A1D2F4-5E6C-4A8B-9D0E-1F2C3A4B5D6E}.Release|x64.Build.0 = Release|Any CPU
		{B3A1D2F4-5E6C-4A8B-9D0E-1F2C3A4B5D6E}.Release|x86.ActiveCfg = Release|Any CPU
		{B3A1D2F4-5E6C-4A8B-9D0E-1F2C3A4B5D6E}.Release|x86.Build.0 = Release|Any CPU
	EndGlobalSection
	GlobalSection(SolutionProperties) = preSolution
		HideSolutionNode = FALSE
	EndGlobalSection
	GlobalSection(ExtensibilityGlobals) = postSolution
		SolutionGuid = {EB0CA0A2-345E-467D-AA06-6660412EAB98}
	EndGlobalSection
EndGlobal
