Microsoft Visual Studio Solution File, Format Version 12.00
# Visual Studio Version 17
VisualStudioVersion = 17.5.2.0
MinimumVisualStudioVersion = 10.0.40219.1
Project("{FAE04EC0-301F-11D3-BF4B-00C04F79EFBC}") = "WolfMixer", "WolfMixer.csproj", "{90534A82-B788-B1FC-94BF-3C585335DA5B}"
EndProject
Global
	GlobalSection(SolutionConfigurationPlatforms) = preSolution
		Debug|Any CPU = Debug|Any CPU
		Release|Any CPU = Release|Any CPU
	EndGlobalSection
	GlobalSection(ProjectConfigurationPlatforms) = postSolution
		{90534A82-B788-B1FC-94BF-3C585335DA5B}.Debug|Any CPU.ActiveCfg = Debug|Any CPU
		{90534A82-B788-B1FC-94BF-3C585335DA5B}.Debug|Any CPU.Build.0 = Debug|Any CPU
		{90534A82-B788-B1FC-94BF-3C585335DA5B}.Release|Any CPU.ActiveCfg = Release|Any CPU
		{90534A82-B788-B1FC-94BF-3C585335DA5B}.Release|Any CPU.Build.0 = Release|Any CPU
	EndGlobalSection
	GlobalSection(SolutionProperties) = preSolution
		HideSolutionNode = FALSE
	EndGlobalSection
	GlobalSection(ExtensibilityGlobals) = postSolution
		SolutionGuid = {EB0CA0A2-345E-467D-AA06-6660412EAB98}
	EndGlobalSection
EndGlobal
